<?xml version="1.0" encoding="utf-8"?>
<Project xmlns="http://schemas.microsoft.com/developer/msbuild/2003">
  <ItemGroup>
    <Filter Include="Generated Files">
      <UniqueIdentifier>{71ED8ED8-ACB9-4CE9-BBE1-E00B30144E11}</UniqueIdentifier>
      <Extensions>cpp;c;cxx;moc;h;def;odl;idl;res;</Extensions>
    </Filter>
    <Filter Include="Generated Files">
      <UniqueIdentifier>{71ED8ED8-ACB9-4CE9-BBE1-E00B30144E11}</UniqueIdentifier>
      <Extensions>cpp;c;cxx;moc;h;def;odl;idl;res;</Extensions>
    </Filter>
    <Filter Include="Header Files">
      <UniqueIdentifier>{93995380-89BD-4b04-88EB-625FBE52EBFB}</UniqueIdentifier>
      <Extensions>h;hpp;hxx;hm;inl;inc;xsd</Extensions>
    </Filter>
    <Filter Include="Header Files">
      <UniqueIdentifier>{93995380-89BD-4b04-88EB-625FBE52EBFB}</UniqueIdentifier>
      <Extensions>h;hpp;hxx;hm;inl;inc;xsd</Extensions>
    </Filter>
    <Filter Include="Source Files">
      <UniqueIdentifier>{4FC737F1-C7A5-4376-A066-2A32D752A2FF}</UniqueIdentifier>
      <Extensions>cpp;c;cxx;def;odl;idl;hpj;bat;asm;asmx</Extensions>
    </Filter>
    <Filter Include="Source Files">
      <UniqueIdentifier>{4FC737F1-C7A5-4376-A066-2A32D752A2FF}</UniqueIdentifier>
      <Extensions>cpp;c;cxx;def;odl;idl;hpj;bat;asm;asmx</Extensions>
    </Filter>
  </ItemGroup>
  <ItemGroup>
    <ClCompile Include="..\..\ext\libdeflate\lib\aligned_malloc.c">
      <Filter>Source Files</Filter>
    </ClCompile>
    <ClCompile Include="..\..\ext\libdeflate\lib\x86\cpu_features.c">
      <Filter>Source Files</Filter>
    </ClCompile>
    <ClCompile Include="..\..\ext\libdeflate\lib\deflate_decompress.c">
      <Filter>Source Files</Filter>
    </ClCompile>
  </ItemGroup>
  <ItemGroup>
    <ClInclude Include="..\..\ext\libdeflate\lib\arm\adler32_impl.h">
      <Filter>Header Files</Filter>
    </ClInclude>
    <ClInclude Include="..\..\ext\libdeflate\lib\x86\adler32_impl.h">
      <Filter>Header Files</Filter>
    </ClInclude>
    <ClInclude Include="..\..\ext\libdeflate\lib\adler32_vec_template.h">
      <Filter>Header Files</Filter>
    </ClInclude>
    <ClInclude Include="..\..\ext\libdeflate\lib\aligned_malloc.h">
      <Filter>Header Files</Filter>
    </ClInclude>
    <ClInclude Include="..\..\ext\libdeflate\lib\bt_matchfinder.h">
      <Filter>Header Files</Filter>
    </ClInclude>
    <ClInclude Include="..\..\ext\libdeflate\common\common_defs.h">
      <Filter>Header Files</Filter>
    </ClInclude>
    <ClInclude Include="..\..\ext\libdeflate\common\compiler_gcc.h">
      <Filter>Header Files</Filter>
    </ClInclude>
    <ClInclude Include="..\..\ext\libdeflate\common\compiler_msc.h">
      <Filter>Header Files</Filter>
    </ClInclude>
    <ClInclude Include="..\..\ext\libdeflate\lib\arm\cpu_features.h">
      <Filter>Header Files</Filter>
    </ClInclude>
    <ClInclude Include="..\..\ext\libdeflate\lib\x86\cpu_features.h">
      <Filter>Header Files</Filter>
    </ClInclude>
    <ClInclude Include="..\..\ext\libdeflate\lib\arm\crc32_impl.h">
      <Filter>Header Files</Filter>
    </ClInclude>
    <ClInclude Include="..\..\ext\libdeflate\lib\x86\crc32_impl.h">
      <Filter>Header Files</Filter>
    </ClInclude>
    <ClInclude Include="..\..\ext\libdeflate\lib\x86\crc32_pclmul_template.h">
      <Filter>Header Files</Filter>
    </ClInclude>
    <ClInclude Include="..\..\ext\libdeflate\lib\crc32_table.h">
      <Filter>Header Files</Filter>
    </ClInclude>
    <ClInclude Include="..\..\ext\libdeflate\lib\crc32_vec_template.h">
      <Filter>Header Files</Filter>
    </ClInclude>
    <ClInclude Include="..\..\ext\libdeflate\lib\x86\decompress_impl.h">
      <Filter>Header Files</Filter>
    </ClInclude>
    <ClInclude Include="..\..\ext\libdeflate\lib\decompress_template.h">
      <Filter>Header Files</Filter>
    </ClInclude>
    <ClInclude Include="..\..\ext\libdeflate\lib\deflate_compress.h">
      <Filter>Header Files</Filter>
    </ClInclude>
    <ClInclude Include="..\..\ext\libdeflate\lib\deflate_constants.h">
      <Filter>Header Files</Filter>
    </ClInclude>
    <ClInclude Include="..\..\ext\libdeflate\lib\gzip_constants.h">
      <Filter>Header Files</Filter>
    </ClInclude>
    <ClInclude Include="..\..\ext\libdeflate\lib\hc_matchfinder.h">
      <Filter>Header Files</Filter>
    </ClInclude>
    <ClInclude Include="..\..\ext\libdeflate\lib\lib_common.h">
      <Filter>Header Files</Filter>
    </ClInclude>
    <ClInclude Include="..\..\ext\libdeflate\libdeflate.h">
      <Filter>Header Files</Filter>
    </ClInclude>
    <ClInclude Include="..\..\ext\libdeflate\lib\matchfinder_common.h">
      <Filter>Header Files</Filter>
    </ClInclude>
    <ClInclude Include="..\..\ext\libdeflate\lib\arm\matchfinder_impl.h">
      <Filter>Header Files</Filter>
    </ClInclude>
    <ClInclude Include="..\..\ext\libdeflate\lib\x86\matchfinder_impl.h">
      <Filter>Header Files</Filter>
    </ClInclude>
    <ClInclude Include="..\..\ext\libdeflate\lib\unaligned.h">
      <Filter>Header Files</Filter>
    </ClInclude>
    <ClInclude Include="..\..\ext\libdeflate\lib\zlib_constants.h">
      <Filter>Header Files</Filter>
    </ClInclude>
  </ItemGroup>
</Project>