<?xml version="1.0" encoding="utf-8"?>
<Project xmlns="http://schemas.microsoft.com/developer/msbuild/2003">
  <ItemGroup>
    <Filter Include="Headers">
      <UniqueIdentifier>{93995380-89BD-4b04-88EB-625FBE52EBFB}</UniqueIdentifier>
      <Extensions>h;hpp;hxx;hm;inl;inc;xsd</Extensions>
    </Filter>
    <Filter Include="Source">
      <UniqueIdentifier>{4FC737F1-C7A5-4376-A066-2A32D752A2FF}</UniqueIdentifier>
      <Extensions>cpp;c;cxx;def;odl;idl;hpj;bat;asm;asmx</Extensions>
    </Filter>
    <Filter Include="x86">
      <UniqueIdentifier>{62bcfebb-8387-4eba-8646-ae3a84de922d}</UniqueIdentifier>
    </Filter>
  </ItemGroup>
  <ItemGroup>
    <ClCompile Include="$(CoreDir)ee\ee_jit.cpp">
      <Filter>Source</Filter>
    </ClCompile>
    <ClCompile Include="$(CoreDir)ee\ee_jit64.cpp">
      <Filter>Source</Filter>
    </ClCompile>
    <ClCompile Include="$(CoreDir)ee\ee_jit64_cop2.cpp">
      <Filter>Source</Filter>
    </ClCompile>
    <ClCompile Include="$(CoreDir)ee\ee_jit64_fpu.cpp">
      <Filter>Source</Filter>
    </ClCompile>
    <ClCompile Include="$(CoreDir)ee\ee_jit64_fpu_avx.cpp">
      <Filter>Source</Filter>
    </ClCompile>
    <ClCompile Include="$(CoreDir)ee\ee_jit64_gpr.cpp">
      <Filter>Source</Filter>
    </ClCompile>
    <ClCompile Include="$(CoreDir)ee\ee_jit64_mmi.cpp">
      <Filter>Source</Filter>
    </ClCompile>
    <ClCompile Include="$(CoreDir)ee\ee_jittrans.cpp">
      <Filter>Source</Filter>
    </ClCompile>
    <ClCompile Include="$(CoreDir)tests\iop\alu.cpp">
      <Filter>Source</Filter>
    </ClCompile>
    <ClCompile Include="$(CoreDir)ee\bios_hle.cpp">
      <Filter>Source</Filter>
    </ClCompile>
    <ClCompile Include="$(CoreDir)iop\cdvd\bincuereader.cpp">
      <Filter>Source</Filter>
    </ClCompile>
    <ClCompile Include="$(CoreDir)iop\cdvd\cdvd.cpp">
      <Filter>Source</Filter>
    </ClCompile>
    <ClCompile Include="$(CoreDir)iop\cdvd\cso_reader.cpp">
      <Filter>Source</Filter>
    </ClCompile>
    <ClCompile Include="$(CoreDir)iop\cdvd\iso_reader.cpp">
      <Filter>Source</Filter>
    </ClCompile>
    <ClCompile Include="$(CoreDir)ee\ipu\chromtable.cpp">
      <Filter>Source</Filter>
    </ClCompile>
    <ClCompile Include="$(CoreDir)ee\ipu\codedblockpattern.cpp">
      <Filter>Source</Filter>
    </ClCompile>
    <ClCompile Include="$(CoreDir)ee\cop0.cpp">
      <Filter>Source</Filter>
    </ClCompile>
    <ClCompile Include="$(CoreDir)ee\cop1.cpp">
      <Filter>Source</Filter>
    </ClCompile>
    <ClCompile Include="$(CoreDir)ee\ipu\dct_coeff.cpp">
      <Filter>Source</Filter>
    </ClCompile>
    <ClCompile Include="$(CoreDir)ee\ipu\dct_coeff_table0.cpp">
      <Filter>Source</Filter>
    </ClCompile>
    <ClCompile Include="$(CoreDir)ee\ipu\dct_coeff_table1.cpp">
      <Filter>Source</Filter>
    </ClCompile>
    <ClCompile Include="$(CoreDir)ee\dmac.cpp">
      <Filter>Source</Filter>
    </ClCompile>
    <ClCompile Include="$(CoreDir)jitcommon\emitter64.cpp">
      <Filter>Source</Filter>
    </ClCompile>
    <ClCompile Include="$(CoreDir)ee\emotion.cpp">
      <Filter>Source</Filter>
    </ClCompile>
    <ClCompile Include="$(CoreDir)ee\emotion_fpu.cpp">
      <Filter>Source</Filter>
    </ClCompile>
    <ClCompile Include="$(CoreDir)ee\emotion_mmi.cpp">
      <Filter>Source</Filter>
    </ClCompile>
    <ClCompile Include="$(CoreDir)ee\emotion_special.cpp">
      <Filter>Source</Filter>
    </ClCompile>
    <ClCompile Include="$(CoreDir)ee\emotion_vu0.cpp">
      <Filter>Source</Filter>
    </ClCompile>
    <ClCompile Include="$(CoreDir)ee\emotionasm.cpp">
      <Filter>Source</Filter>
    </ClCompile>
    <ClCompile Include="$(CoreDir)ee\emotiondisasm.cpp">
      <Filter>Source</Filter>
    </ClCompile>
    <ClCompile Include="$(CoreDir)ee\emotioninterpreter.cpp">
      <Filter>Source</Filter>
    </ClCompile>
    <ClCompile Include="$(CoreDir)emulator.cpp">
      <Filter>Source</Filter>
    </ClCompile>
    <ClCompile Include="$(CoreDir)errors.cpp">
      <Filter>Source</Filter>
    </ClCompile>
    <ClCompile Include="$(CoreDir)iop\gamepad.cpp">
      <Filter>Source</Filter>
    </ClCompile>
    <ClCompile Include="$(CoreDir)gif.cpp">
      <Filter>Source</Filter>
    </ClCompile>
    <ClCompile Include="$(CoreDir)gs.cpp">
      <Filter>Source</Filter>
    </ClCompile>
    <ClCompile Include="$(CoreDir)gscontext.cpp">
      <Filter>Source</Filter>
    </ClCompile>
    <ClCompile Include="$(CoreDir)gsmem.cpp">
      <Filter>Source</Filter>
    </ClCompile>
    <ClCompile Include="$(CoreDir)gsregisters.cpp">
      <Filter>Source</Filter>
    </ClCompile>
    <ClCompile Include="$(CoreDir)gsthread.cpp">
      <Filter>Source</Filter>
    </ClCompile>
    <ClCompile Include="$(CoreDir)ee\intc.cpp">
      <Filter>Source</Filter>
    </ClCompile>
    <ClCompile Include="$(CoreDir)iop\iop.cpp">
      <Filter>Source</Filter>
    </ClCompile>
    <ClCompile Include="$(CoreDir)iop\iop_cop0.cpp">
      <Filter>Source</Filter>
    </ClCompile>
    <ClCompile Include="$(CoreDir)iop\iop_dma.cpp">
      <Filter>Source</Filter>
    </ClCompile>
    <ClCompile Include="$(CoreDir)iop\iop_intc.cpp">
      <Filter>Source</Filter>
    </ClCompile>
    <ClCompile Include="$(CoreDir)iop\iop_interpreter.cpp">
      <Filter>Source</Filter>
    </ClCompile>
    <ClCompile Include="$(CoreDir)iop\iop_timers.cpp">
      <Filter>Source</Filter>
    </ClCompile>
    <ClCompile Include="$(CoreDir)ee\ipu\ipu.cpp">
      <Filter>Source</Filter>
    </ClCompile>
    <ClCompile Include="$(CoreDir)ee\ipu\ipu_fifo.cpp">
      <Filter>Source</Filter>
    </ClCompile>
    <ClCompile Include="$(CoreDir)jitcommon\ir_block.cpp">
      <Filter>Source</Filter>
    </ClCompile>
    <ClCompile Include="$(CoreDir)jitcommon\ir_instr.cpp">
      <Filter>Source</Filter>
    </ClCompile>
    <ClCompile Include="$(CoreDir)jitcommon\jitcache.cpp">
      <Filter>Source</Filter>
    </ClCompile>
    <ClCompile Include="$(CoreDir)ee\ipu\lumtable.cpp">
      <Filter>Source</Filter>
    </ClCompile>
    <ClCompile Include="$(CoreDir)ee\ipu\mac_addr_inc.cpp">
      <Filter>Source</Filter>
    </ClCompile>
    <ClCompile Include="$(CoreDir)ee\ipu\mac_b_pic.cpp">
      <Filter>Source</Filter>
    </ClCompile>
    <ClCompile Include="$(CoreDir)ee\ipu\mac_i_pic.cpp">
      <Filter>Source</Filter>
    </ClCompile>
    <ClCompile Include="$(CoreDir)ee\ipu\mac_p_pic.cpp">
      <Filter>Source</Filter>
    </ClCompile>
    <ClCompile Include="$(CoreDir)iop\memcard.cpp">
      <Filter>Source</Filter>
    </ClCompile>
    <ClCompile Include="$(CoreDir)ee\ipu\motioncode.cpp">
      <Filter>Source</Filter>
    </ClCompile>
    <ClCompile Include="$(CoreDir)serialize.cpp">
      <Filter>Source</Filter>
    </ClCompile>
    <ClCompile Include="$(CoreDir)sif.cpp">
      <Filter>Source</Filter>
    </ClCompile>
    <ClCompile Include="$(CoreDir)iop\sio2.cpp">
      <Filter>Source</Filter>
    </ClCompile>
    <ClCompile Include="$(CoreDir)iop\spu.cpp">
      <Filter>Source</Filter>
    </ClCompile>
    <ClCompile Include="$(CoreDir)ee\timers.cpp">
      <Filter>Source</Filter>
    </ClCompile>
    <ClCompile Include="$(CoreDir)ee\vif.cpp">
      <Filter>Source</Filter>
    </ClCompile>
    <ClCompile Include="$(CoreDir)ee\ipu\vlc_table.cpp">
      <Filter>Source</Filter>
    </ClCompile>
    <ClCompile Include="$(CoreDir)ee\vu.cpp">
      <Filter>Source</Filter>
    </ClCompile>
    <ClCompile Include="$(CoreDir)ee\vu_disasm.cpp">
      <Filter>Source</Filter>
    </ClCompile>
    <ClCompile Include="$(CoreDir)ee\vu_interpreter.cpp">
      <Filter>Source</Filter>
    </ClCompile>
    <ClCompile Include="$(CoreDir)ee\vu_jit.cpp">
      <Filter>Source</Filter>
    </ClCompile>
    <ClCompile Include="$(CoreDir)ee\vu_jit64.cpp">
      <Filter>Source</Filter>
    </ClCompile>
    <ClCompile Include="$(CoreDir)ee\vu_jittrans.cpp">
      <Filter>Source</Filter>
    </ClCompile>
    <ClCompile Include="$(CoreDir)scheduler.cpp">
      <Filter>Source</Filter>
    </ClCompile>
  </ItemGroup>
  <ItemGroup>
    <ClInclude Include="$(CoreDir)ee\bios_hle.hpp">
      <Filter>Headers</Filter>
    </ClInclude>
    <ClInclude Include="$(CoreDir)ee\ee_jit.hpp">
      <Filter>Headers</Filter>
    </ClInclude>
    <ClInclude Include="$(CoreDir)ee\ee_jit64.hpp">
      <Filter>Headers</Filter>
    </ClInclude>
    <ClInclude Include="$(CoreDir)ee\ee_jittrans.hpp">
      <Filter>Headers</Filter>
    </ClInclude>
    <ClInclude Include="$(CoreDir)iop\cdvd\bincuereader.hpp">
      <Filter>Headers</Filter>
    </ClInclude>
    <ClInclude Include="$(CoreDir)iop\cdvd\cdvd.hpp">
      <Filter>Headers</Filter>
    </ClInclude>
    <ClInclude Include="$(CoreDir)iop\cdvd\cdvd_container.hpp">
      <Filter>Headers</Filter>
    </ClInclude>
    <ClInclude Include="$(CoreDir)iop\cdvd\cso_reader.hpp">
      <Filter>Headers</Filter>
    </ClInclude>
    <ClInclude Include="$(CoreDir)iop\cdvd\iso_reader.hpp">
      <Filter>Headers</Filter>
    </ClInclude>
    <ClInclude Include="$(CoreDir)ee\ipu\chromtable.hpp">
      <Filter>Headers</Filter>
    </ClInclude>
    <ClInclude Include="$(CoreDir)circularFIFO.hpp">
      <Filter>Headers</Filter>
    </ClInclude>
    <ClInclude Include="$(CoreDir)ee\ipu\codedblockpattern.hpp">
      <Filter>Headers</Filter>
    </ClInclude>
    <ClInclude Include="$(CoreDir)ee\cop0.hpp">
      <Filter>Headers</Filter>
    </ClInclude>
    <ClInclude Include="$(CoreDir)ee\cop1.hpp">
      <Filter>Headers</Filter>
    </ClInclude>
    <ClInclude Include="$(CoreDir)ee\ipu\dct_coeff.hpp">
      <Filter>Headers</Filter>
    </ClInclude>
    <ClInclude Include="$(CoreDir)ee\ipu\dct_coeff_table0.hpp">
      <Filter>Headers</Filter>
    </ClInclude>
    <ClInclude Include="$(CoreDir)ee\ipu\dct_coeff_table1.hpp">
      <Filter>Headers</Filter>
    </ClInclude>
    <ClInclude Include="$(CoreDir)ee\dmac.hpp">
      <Filter>Headers</Filter>
    </ClInclude>
    <ClInclude Include="$(CoreDir)jitcommon\emitter64.hpp">
      <Filter>Headers</Filter>
    </ClInclude>
    <ClInclude Include="$(CoreDir)ee\emotion.hpp">
      <Filter>Headers</Filter>
    </ClInclude>
    <ClInclude Include="$(CoreDir)ee\emotionasm.hpp">
      <Filter>Headers</Filter>
    </ClInclude>
    <ClInclude Include="$(CoreDir)ee\emotiondisasm.hpp">
      <Filter>Headers</Filter>
    </ClInclude>
    <ClInclude Include="$(CoreDir)ee\emotioninterpreter.hpp">
      <Filter>Headers</Filter>
    </ClInclude>
    <ClInclude Include="$(CoreDir)emulator.hpp">
      <Filter>Headers</Filter>
    </ClInclude>
    <ClInclude Include="$(CoreDir)errors.hpp">
      <Filter>Headers</Filter>
    </ClInclude>
    <ClInclude Include="$(CoreDir)iop\gamepad.hpp">
      <Filter>Headers</Filter>
    </ClInclude>
    <ClInclude Include="$(CoreDir)gif.hpp">
      <Filter>Headers</Filter>
    </ClInclude>
    <ClInclude Include="$(CoreDir)gs.hpp">
      <Filter>Headers</Filter>
    </ClInclude>
    <ClInclude Include="$(CoreDir)gscontext.hpp">
      <Filter>Headers</Filter>
    </ClInclude>
    <ClInclude Include="$(CoreDir)gsmem.hpp">
      <Filter>Headers</Filter>
    </ClInclude>
    <ClInclude Include="$(CoreDir)gsregisters.hpp">
      <Filter>Headers</Filter>
    </ClInclude>
    <ClInclude Include="$(CoreDir)gsthread.hpp">
      <Filter>Headers</Filter>
    </ClInclude>
    <ClInclude Include="$(CoreDir)int128.hpp">
      <Filter>Headers</Filter>
    </ClInclude>
    <ClInclude Include="$(CoreDir)ee\intc.hpp">
      <Filter>Headers</Filter>
    </ClInclude>
    <ClInclude Include="$(CoreDir)iop\iop.hpp">
      <Filter>Headers</Filter>
    </ClInclude>
    <ClInclude Include="$(CoreDir)iop\iop_cop0.hpp">
      <Filter>Headers</Filter>
    </ClInclude>
    <ClInclude Include="$(CoreDir)iop\iop_dma.hpp">
      <Filter>Headers</Filter>
    </ClInclude>
    <ClCompile Include="$(CoreDir)iop\iop_intc.hpp">
      <Filter>Headers</Filter>
    </ClCompile>
    <ClInclude Include="$(CoreDir)iop\iop_interpreter.hpp">
      <Filter>Headers</Filter>
    </ClInclude>
    <ClInclude Include="$(CoreDir)iop\iop_timers.hpp">
      <Filter>Headers</Filter>
    </ClInclude>
    <ClInclude Include="$(CoreDir)ee\ipu\ipu.hpp">
      <Filter>Headers</Filter>
    </ClInclude>
    <ClInclude Include="$(CoreDir)ee\ipu\ipu_fifo.hpp">
      <Filter>Headers</Filter>
    </ClInclude>
    <ClInclude Include="$(CoreDir)jitcommon\ir_block.hpp">
      <Filter>Headers</Filter>
    </ClInclude>
    <ClInclude Include="$(CoreDir)jitcommon\ir_instr.hpp">
      <Filter>Headers</Filter>
    </ClInclude>
    <ClInclude Include="$(CoreDir)jitcommon\jitcache.hpp">
      <Filter>Headers</Filter>
    </ClInclude>
    <ClInclude Include="$(CoreDir)ee\ipu\lumtable.hpp">
      <Filter>Headers</Filter>
    </ClInclude>
    <ClInclude Include="$(CoreDir)ee\ipu\mac_addr_inc.hpp">
      <Filter>Headers</Filter>
    </ClInclude>
    <ClInclude Include="$(CoreDir)ee\ipu\mac_b_pic.hpp">
      <Filter>Headers</Filter>
    </ClInclude>
    <ClInclude Include="$(CoreDir)ee\ipu\mac_i_pic.hpp">
      <Filter>Headers</Filter>
    </ClInclude>
    <ClInclude Include="$(CoreDir)ee\ipu\mac_p_pic.hpp">
      <Filter>Headers</Filter>
    </ClInclude>
    <ClInclude Include="$(CoreDir)iop\memcard.hpp">
      <Filter>Headers</Filter>
    </ClInclude>
    <ClInclude Include="$(CoreDir)ee\ipu\motioncode.hpp">
      <Filter>Headers</Filter>
    </ClInclude>
    <ClInclude Include="$(CoreDir)sif.hpp">
      <Filter>Headers</Filter>
    </ClInclude>
    <ClInclude Include="$(CoreDir)iop\sio2.hpp">
      <Filter>Headers</Filter>
    </ClInclude>
    <ClInclude Include="$(CoreDir)iop\spu.hpp">
      <Filter>Headers</Filter>
    </ClInclude>
    <ClInclude Include="$(CoreDir)ee\timers.hpp">
      <Filter>Headers</Filter>
    </ClInclude>
    <ClInclude Include="$(CoreDir)ee\vif.hpp">
      <Filter>Headers</Filter>
    </ClInclude>
    <ClInclude Include="$(CoreDir)ee\ipu\vlc_table.hpp">
      <Filter>Headers</Filter>
    </ClInclude>
    <ClInclude Include="$(CoreDir)ee\vu.hpp">
      <Filter>Headers</Filter>
    </ClInclude>
    <ClInclude Include="$(CoreDir)ee\vu_disasm.hpp">
      <Filter>Headers</Filter>
    </ClInclude>
    <ClInclude Include="$(CoreDir)ee\vu_interpreter.hpp">
      <Filter>Headers</Filter>
    </ClInclude>
    <ClInclude Include="$(CoreDir)ee\vu_jit.hpp">
      <Filter>Headers</Filter>
    </ClInclude>
    <ClInclude Include="$(CoreDir)ee\vu_jit64.hpp">
      <Filter>Headers</Filter>
    </ClInclude>
    <ClInclude Include="$(CoreDir)ee\vu_jittrans.hpp">
      <Filter>Headers</Filter>
    </ClInclude>
    <ClInclude Include="$(CoreDir)scheduler.hpp">
      <Filter>Headers</Filter>
    </ClInclude>
  </ItemGroup>
  <ItemGroup>
    <None Include="application\application.pro" />
    <None Include="$(RootDir)README.md" />
    <None Include="$(CoreDir)jitcommon\ir_instrlist.inc">
      <Filter>Headers</Filter>
    </None>
    <None Include="$(RootDir)appveyor.yml" />
    <None Include="$(RootDir)CMakeLists.txt" />
    <None Include="$(RootDir)LICENSE" />
    <None Include="$(RootDir).gitignore" />
    <None Include="$(RootDir).github\*" />
  </ItemGroup>
</Project>