<?xml version="1.0" encoding="utf-8"?>
<Project xmlns="http://schemas.microsoft.com/developer/msbuild/2003">
  <ItemGroup>
    <Filter Include="Headers">
      <UniqueIdentifier>{71ED8ED8-ACB9-4CE9-BBE1-E00B30144E11}</UniqueIdentifier>
      <Extensions>h;hpp;hxx;hm;inl;inc;xsd</Extensions>
    </Filter>
    <Filter Include="Source">
      <UniqueIdentifier>{47260cc0-86d0-44fa-b11a-4c6c2aef3a78}</UniqueIdentifier>
      <Extensions>cpp;c;cxx;def;odl;idl;hpj;bat;asm;asmx</Extensions>
    </Filter>
    <Filter Include="Moc">
      <UniqueIdentifier>{D60016DE-217F-44BD-A663-920D33D0F643}</UniqueIdentifier>
      <Extensions>cpp;c;cxx;moc;h;def;odl;idl;res;</Extensions>
    </Filter>
  </ItemGroup>

  <ItemGroup>
    <ClCompile Include="$(UIDir)bios.cpp">
      <Filter>Source</Filter>
    </ClCompile>
    <ClCompile Include="$(UIDir)emuwindow.cpp">
      <Filter>Source</Filter>
    </ClCompile>
    <ClCompile Include="$(UIDir)emuthread.cpp">
      <Filter>Source</Filter>
    </ClCompile>
    <ClCompile Include="$(UIDir)renderwidget.cpp">
      <Filter>Source</Filter>
    </ClCompile>
    <ClCompile Include="$(UIDir)settingswindow.cpp">
      <Filter>Source</Filter>
    </ClCompile>
    <ClCompile Include="$(UIDir)settings.cpp">
      <Filter>Source</Filter>
    </ClCompile>
    <ClCompile Include="$(UIDir)main.cpp">
      <Filter>Source</Filter>
    </ClCompile>
    <ClCompile Include="$(UIDir)gamelist/gamelistwidget.cpp">
      <Filter>Source</Filter>
    </ClCompile>
    <ClCompile Include="$(UIDir)gamelist/gamelistmodel.cpp">
      <Filter>Source</Filter>
    </ClCompile>
    <ClCompile Include="$(UIDir)gamelist/gamelistwatcher.cpp">
      <Filter>Source</Filter>
    </ClCompile>
  </ItemGroup>

  <ItemGroup>
    <ClCompile Include="$(QtMocDir)$(QtMocPrefix)settingswindow.cpp">
      <Filter>Moc</Filter>
    </ClCompile>
    <ClCompile Include="$(QtMocDir)$(QtMocPrefix)settings.cpp">
      <Filter>Moc</Filter>
    </ClCompile>
    <ClCompile Include="$(QtMocDir)$(QtMocPrefix)renderwidget.cpp">
      <Filter>Moc</Filter>
    </ClCompile>
    <ClCompile Include="$(QtMocDir)$(QtMocPrefix)emuwindow.cpp">
      <Filter>Moc</Filter>
    </ClCompile>
    <ClCompile Include="$(QtMocDir)$(QtMocPrefix)emuthread.cpp">
      <Filter>Moc</Filter>
    </ClCompile>
    <ClCompile Include="$(QtMocDir)$(QtMocPrefix)gamelistwidget.cpp">
      <Filter>Moc</Filter>
    </ClCompile>
    <ClCompile Include="$(QtMocDir)$(QtMocPrefix)gamelistmodel.cpp">
      <Filter>Moc</Filter>
    </ClCompile>
    <ClCompile Include="$(QtMocDir)$(QtMocPrefix)gamelistwatcher.cpp">
      <Filter>Moc</Filter>
    </ClCompile>
  </ItemGroup>

  <ItemGroup>
    <ClInclude Include="$(UIDir)bios.hpp">
      <Filter>Headers</Filter>
    </ClInclude>
  </ItemGroup>

  <ItemGroup>
    <QtMoc Include="$(UIDir)renderwidget.hpp">
      <Filter>Headers</Filter>
    </QtMoc>
    <QtMoc Include="$(UIDir)settingswindow.hpp">
      <Filter>Headers</Filter>
    </QtMoc>
    <QtMoc Include="$(UIDir)emuthread.hpp">
      <Filter>Headers</Filter>
    </QtMoc>
    <QtMoc Include="$(UIDir)emuwindow.hpp">
      <Filter>Headers</Filter>
    </QtMoc>
    <QtMoc Include="$(UIDir)settings.hpp">
      <Filter>Headers</Filter>
    </QtMoc>
    <QtMoc Include="$(UIDir)gamelist/gamelistwidget.hpp">
      <Filter>Headers</Filter>
    </QtMoc>
    <QtMoc Include="$(UIDir)gamelist/gamelistmodel.hpp">
      <Filter>Headers</Filter>
    </QtMoc>
    <QtMoc Include="$(UIDir)gamelist/gamelistwatcher.hpp">
      <Filter>Headers</Filter>
    </QtMoc>
  </ItemGroup>
</Project>